{
  "lockfileVersion": 1,
  "configVersion": 1,
  "workspaces": {
    "": {
      "name": "@bradtech-oss/stack",
      "devDependencies": {
        "@types/node": "^22.0.0",
        "rimraf": "^6.0.1",
        "turbo": "^2.0.0",
        "typescript": "^5.5.0",
      },
    },
    "infra/tools": {
      "name": "@bradtech-oss/cli-setup",
      "version": "1.1.1",
      "bin": {
        "brad-setup": "./dist/index.js",
      },
      "devDependencies": {
        "typescript": "^5.5.0",
      },
    },
    "packages/datapoints": {
      "name": "@bradtech/datapoints",
      "version": "1.0.0",
      "dependencies": {
        "@bradtech/types": "^1.1.1",
        "@quatrain/backend": "^1.2.18",
        "@quatrain/backend-postgres": "^1.2.13",
        "@quatrain/core": "^1.2.18",
      },
      "devDependencies": {
        "@tsconfig/recommended": "^1.0.1",
        "@types/node": "^22.10.1",
        "typescript": "^5.4.5",
      },
    },
    "packages/db": {
      "name": "@bradtech-oss/db",
      "version": "1.1.1",
      "devDependencies": {
        "typescript": "^5.5.0",
      },
    },
    "packages/ontologies": {
      "name": "@bradtech/ontologies",
      "version": "1.1.1",
      "devDependencies": {
        "typescript": "^5.4.5",
      },
    },
    "packages/sensor": {
      "name": "@bradtech/sensor",
      "version": "1.1.1",
      "dependencies": {
        "@bradtech/types": "workspace:*",
        "@quatrain/core": "^1.2.17",
      },
      "devDependencies": {
        "@tsconfig/recommended": "^1.0.1",
        "@types/node": "^22.10.1",
        "typescript": "^5.1.5",
      },
    },
    "packages/sensor-acoustic": {
      "name": "@bradtech/sensor-acoustic",
      "version": "1.1.1",
      "dependencies": {
        "@bradtech/sensor": "workspace:*",
      },
      "devDependencies": {
        "@tsconfig/recommended": "^1.0.1",
        "@types/node": "^22.10.1",
        "typescript": "^5.1.5",
      },
    },
    "packages/sensor-air": {
      "name": "@bradtech/sensor-air",
      "version": "1.1.1",
      "dependencies": {
        "@bradtech/sensor": "workspace:*",
      },
      "devDependencies": {
        "@tsconfig/recommended": "^1.0.1",
        "@types/node": "^22.10.1",
        "typescript": "^5.1.5",
      },
    },
    "packages/sensor-lorawan": {
      "name": "@bradtech/sensor-lorawan",
      "version": "1.1.1",
      "dependencies": {
        "@bradtech/sensor": "workspace:*",
        "@bradtech/sensor-acoustic": "workspace:*",
        "@bradtech/sensor-air": "workspace:*",
        "@bradtech/sensor-power": "workspace:*",
        "@bradtech/sensor-soil": "workspace:*",
        "@bradtech/sensor-weather": "workspace:*",
        "@bradtech/types": "workspace:*",
      },
      "devDependencies": {
        "@tsconfig/recommended": "^1.0.1",
        "@types/node": "^22.10.1",
        "typescript": "^5.1.5",
      },
    },
    "packages/sensor-power": {
      "name": "@bradtech/sensor-power",
      "version": "1.1.1",
      "dependencies": {
        "@bradtech/sensor": "workspace:*",
      },
      "devDependencies": {
        "@tsconfig/recommended": "^1.0.1",
        "@types/node": "^22.10.1",
        "typescript": "^5.1.5",
      },
    },
    "packages/sensor-soil": {
      "name": "@bradtech/sensor-soil",
      "version": "1.1.1",
      "dependencies": {
        "@bradtech/sensor": "workspace:*",
      },
      "devDependencies": {
        "@tsconfig/recommended": "^1.0.1",
        "@types/node": "^22.10.1",
        "typescript": "^5.1.5",
      },
    },
    "packages/sensor-weather": {
      "name": "@bradtech/sensor-weather",
      "version": "1.1.1",
      "dependencies": {
        "@bradtech/sensor": "workspace:*",
      },
      "devDependencies": {
        "@tsconfig/recommended": "^1.0.1",
        "@types/node": "^22.10.1",
        "typescript": "^5.1.5",
      },
    },
    "packages/sync-engine": {
      "name": "@bradtech-oss/sync-engine",
      "version": "1.1.1",
      "dependencies": {
        "@bradtech-oss/db": "workspace:*",
      },
      "devDependencies": {
        "typescript": "^5.5.0",
      },
    },
    "packages/types": {
      "name": "@bradtech/types",
      "version": "1.1.1",
      "dependencies": {
        "shulk": "0.15.0",
      },
      "devDependencies": {
        "@tsconfig/recommended": "^1.0.1",
        "@types/node": "^22.10.1",
        "typescript": "^5.4.5",
      },
    },
  },
  "overrides": {
    "@quatrain/mdm": "link:../../QUATRAIN/Core/packages/mdm",
    "@quatrain/state-machine": "link:../../QUATRAIN/Core/packages/state-machine",
  },
  "packages": {
    "@bradtech-oss/cli-setup": ["@bradtech-oss/cli-setup@workspace:infra/tools"],

    "@bradtech-oss/db": ["@bradtech-oss/db@workspace:packages/db"],

    "@bradtech-oss/sync-engine": ["@bradtech-oss/sync-engine@workspace:packages/sync-engine"],

    "@bradtech/datapoints": ["@bradtech/datapoints@workspace:packages/datapoints"],

    "@bradtech/ontologies": ["@bradtech/ontologies@workspace:packages/ontologies"],

    "@bradtech/sensor": ["@bradtech/sensor@workspace:packages/sensor"],

    "@bradtech/sensor-acoustic": ["@bradtech/sensor-acoustic@workspace:packages/sensor-acoustic"],

    "@bradtech/sensor-air": ["@bradtech/sensor-air@workspace:packages/sensor-air"],

    "@bradtech/sensor-lorawan": ["@bradtech/sensor-lorawan@workspace:packages/sensor-lorawan"],

    "@bradtech/sensor-power": ["@bradtech/sensor-power@workspace:packages/sensor-power"],

    "@bradtech/sensor-soil": ["@bradtech/sensor-soil@workspace:packages/sensor-soil"],

    "@bradtech/sensor-weather": ["@bradtech/sensor-weather@workspace:packages/sensor-weather"],

    "@bradtech/types": ["@bradtech/types@workspace:packages/types"],

    "@faker-js/faker": ["@faker-js/faker@7.6.0", "", {}, "sha512-XK6BTq1NDMo9Xqw/YkYyGjSsg44fbNwYRx7QK2CuoQgyy+f1rrTDHoExVM5PsyXCtfl2vs2vVJ0MN0yN6LppRw=="],

    "@quatrain/backend": ["@quatrain/backend@1.2.18", "", { "dependencies": { "@faker-js/faker": "^7.6.0", "@quatrain/core": "^1.2.18", "@quatrain/log": "^1.2.4", "@quatrain/types": "^1.2.18" } }, "sha512-RFwq1WepVyv+niVceV8CTE3XcwON/2cegzyHXzjp1KkFK0we7dwShjL/6KtLGgJC2QfWMDAblc58EddgVM2MeA=="],

    "@quatrain/backend-postgres": ["@quatrain/backend-postgres@1.2.13", "", { "dependencies": { "@quatrain/backend": "^1.2.14", "@quatrain/core": "^1.2.16", "pg": "^8.11.3", "postgres": "^3.4.4" } }, "sha512-9b6GtxY/GkLZnbQNc6TsXoF27MYKCW/qP0LDxgSh5vUg5VgrOHpdqfd5ISb+cFxcOgpSjvQNz7PCNEsFhK4fxg=="],

    "@quatrain/core": ["@quatrain/core@1.2.18", "", { "dependencies": { "@quatrain/log": "^1.2.4", "@quatrain/types": "^1.2.17", "node-persist": "^4.0.4", "which": "^5.0.0" } }, "sha512-n1FI/bv7ET+EQX85GissASROiHSkKJlTq37Dug6chj8REQZHWDP4k1oIKkIjjjCXbYlOVA4x7SsisrOomiaS3g=="],

    "@quatrain/log": ["@quatrain/log@1.2.4", "", { "dependencies": { "chalk": "^4.1.2", "loglevel": "^1.9.2" } }, "sha512-ABO9xMc1fm4mipopfPfUeQlm/7vDtdM59lE9H8icOlUIXCsfw3ul3Gm7pBLdmr8q/jZJ9PLohtESxXh07jq0Bw=="],

    "@quatrain/types": ["@quatrain/types@1.2.18", "", {}, "sha512-UZSYN9cIP7R+z1OZoa1idMnH7/r6v9QghRIgdAKK7i4wHjamuXnULtLaNRPWZ2CyfEQ6iGsvOT2Id83x0OTDVw=="],

    "@tsconfig/recommended": ["@tsconfig/recommended@1.0.13", "", {}, "sha512-sySRuBfMKyKO/j2ZAhR8kSembhjuPEV4Ra3AHtmWLq51+iGaudr45crPSzNC5b7/Ctrh9dfUpBuTlYrH6rM58Q=="],

    "@turbo/darwin-64": ["@turbo/darwin-64@2.10.8", "", { "os": "darwin", "cpu": "x64" }, "sha512-po+7rfJfUnFXjWlcoN2RwhErgzCdRtBc1T26vYPcywHlggmCQiQe1uWaE4j+BibI2uY9/2pDoFzMN0rmSaPFOw=="],

    "@turbo/darwin-arm64": ["@turbo/darwin-arm64@2.10.8", "", { "os": "darwin", "cpu": "arm64" }, "sha512-+zB2btDJ00lnPRuqOvpVvgl4x34k/djZQGZTTCfjn7JgNCl8QFY5Njo5+dqkY1g/+9gbbsnAvWm9CmJg9ebcXA=="],

    "@turbo/linux-64": ["@turbo/linux-64@2.10.8", "", { "os": [ "linux", "android", ], "cpu": "x64" }, "sha512-K1dxqiVisyN7cViVsfQLs6xscQbYuI8aO2nbUhFURDACgEDfZRdP/b4CCxeosBJpcMfhYyiibWqJorCnvz9kKg=="],

    "@turbo/linux-arm64": ["@turbo/linux-arm64@2.10.8", "", { "os": [ "linux", "android", ], "cpu": "arm64" }, "sha512-Gi77ibVnrE1fEmvr+/wBD/yvRqhwp/RQuCp2+//lv1U1wNFFyVg0V7Wj8FG9FXPFAw5QHReo8rxc9+wBSDZjzA=="],

    "@turbo/windows-64": ["@turbo/windows-64@2.10.8", "", { "os": "win32", "cpu": "x64" }, "sha512-znnLO1haJPYTHoKMKwlAvlkjRiYbbhBzME6wIGaMd+fwir23U6jVd1ecaTWWi1fbnRVqxMfgDBKseQ/hLKb83g=="],

    "@turbo/windows-arm64": ["@turbo/windows-arm64@2.10.8", "", { "os": "win32", "cpu": "arm64" }, "sha512-VN30vh3b3Czh2WzYHNTfF1FE0YMZ5aHsLO8dBMGHJewA6792wX6iJR8ZxlzFW6WdOu0gEAKIvlYhfyT81Wkm4Q=="],

    "@types/node": ["@types/node@22.20.1", "", { "dependencies": { "undici-types": "~6.21.0" } }, "sha512-EANqOCF9QFyra+4pfxUcX9STKJpCLjMbObVzljIJomAWSnuSIEAvyzEU53GaajbXJEgdh0iEcPL+DGvpUd4k1Q=="],

    "ansi-styles": ["ansi-styles@4.3.0", "", { "dependencies": { "color-convert": "^2.0.1" } }, "sha512-zbB9rCJAT1rbjiVDb2hqKFHNYLxgtk8NURxZ3IZwD3F6NtxbXZQCnnSi1Lkx+IDohdPlFp222wVALIheZJQSEg=="],

    "balanced-match": ["balanced-match@4.0.4", "", {}, "sha512-BLrgEcRTwX2o6gGxGOCNyMvGSp35YofuYzw9h1IMTRmKqttAZZVU67bdb9Pr2vUHA8+j3i2tJfjO6C6+4myGTA=="],

    "brace-expansion": ["brace-expansion@5.0.9", "", { "dependencies": { "balanced-match": "^4.0.2" } }, "sha512-ScQ4IuvIEF1TMlP7Zt+vjJ//9zlPb2SDcxWxM3bk8s6t6GGdJ7KO1dCcTidOPJKePW30LE/2cT7wCyPho9/Wxg=="],

    "chalk": ["chalk@4.1.2", "", { "dependencies": { "ansi-styles": "^4.1.0", "supports-color": "^7.1.0" } }, "sha512-oKnbhFyRIXpUuez8iBMmyEa4nbj4IOQyuhc/wy9kY7/WVPcwIO9VA668Pu8RkO7+0G76SLROeyw9CpQ061i4mA=="],

    "color-convert": ["color-convert@2.0.1", "", { "dependencies": { "color-name": "~1.1.4" } }, "sha512-RRECPsj7iu/xb5oKYcsFHSppFNnsj/52OVTRKb4zP5onXwVF3zVmmToNcOfGC+CRDpfK/U584fMg38ZHCaElKQ=="],

    "color-name": ["color-name@1.1.4", "", {}, "sha512-dOy+3AuW3a2wNbZHIuMZpTcgjGuLU/uBL/ubcZF9OXbDo8ff4O8yVp5Bf0efS8uEoYo5q4Fx7dY9OgQGXgAsQA=="],

    "glob": ["glob@13.0.6", "", { "dependencies": { "minimatch": "^10.2.2", "minipass": "^7.1.3", "path-scurry": "^2.0.2" } }, "sha512-Wjlyrolmm8uDpm/ogGyXZXb1Z+Ca2B8NbJwqBVg0axK9GbBeoS7yGV6vjXnYdGm6X53iehEuxxbyiKp8QmN4Vw=="],

    "has-flag": ["has-flag@4.0.0", "", {}, "sha512-EykJT/Q1KjTWctppgIAgfSO0tKVuZUjhgMr17kqTumMl6Afv3EISleU7qZUzoXDFTAHTDC4NOoG/ZxU3EvlMPQ=="],

    "isexe": ["isexe@3.1.5", "", {}, "sha512-6B3tLtFqtQS4ekarvLVMZ+X+VlvQekbe4taUkf/rhVO3d/h0M2rfARm/pXLcPEsjjMsFgrFgSrhQIxcSVrBz8w=="],

    "loglevel": ["loglevel@1.9.2", "", {}, "sha512-HgMmCqIJSAKqo68l0rS2AanEWfkxaZ5wNiEFb5ggm08lDs9Xl2KxBlX3PTcaD2chBM1gXAYf491/M2Rv8Jwayg=="],

    "lru-cache": ["lru-cache@11.5.2", "", {}, "sha512-4pfM1Ff0x50o0tQwb5ucw/RzNyD0/YJME6IVcStalZuMWxdt3sR3huStTtxz4PUmvZfRguvDejasvQ2kifR11g=="],

    "minimatch": ["minimatch@10.2.6", "", { "dependencies": { "brace-expansion": "^5.0.8" } }, "sha512-vpLQEs+VLCr1nU0BXS07maYoFwlDAH0gngQuuttxIwutDFEMHq2blX+8vpgxDdK3J1PwjCJiep77OitTZ4Ll1A=="],

    "minipass": ["minipass@7.1.3", "", {}, "sha512-tEBHqDnIoM/1rXME1zgka9g6Q2lcoCkxHLuc7ODJ5BxbP5d4c2Z5cGgtXAku59200Cx7diuHTOYfSBD8n6mm8A=="],

    "node-persist": ["node-persist@4.0.4", "", { "dependencies": { "p-limit": "^3.1.0" } }, "sha512-8sPAz/7tw1mCCc8xBG4f0wi+flHkSSgQeX998iQ75Pu27evA6UUWCjSE7xnrYTg2q33oU5leJ061EKPDv6BocQ=="],

    "p-limit": ["p-limit@3.1.0", "", { "dependencies": { "yocto-queue": "^0.1.0" } }, "sha512-TYOanM3wGwNGsZN2cVTYPArw454xnXj5qmWF1bEoAc4+cU/ol7GVh7odevjp1FNHduHc3KZMcFduxU5Xc6uJRQ=="],

    "package-json-from-dist": ["package-json-from-dist@1.0.1", "", {}, "sha512-UEZIS3/by4OC8vL3P2dTXRETpebLI2NiI5vIrjaD/5UtrkFX/tNbwjTSRAGC/+7CAo2pIcBaRgWmcBBHcsaCIw=="],

    "path-scurry": ["path-scurry@2.0.2", "", { "dependencies": { "lru-cache": "^11.0.0", "minipass": "^7.1.2" } }, "sha512-3O/iVVsJAPsOnpwWIeD+d6z/7PmqApyQePUtCndjatj/9I5LylHvt5qluFaBT3I5h3r1ejfR056c+FCv+NnNXg=="],

    "pg": ["pg@8.23.0", "", { "dependencies": { "pg-connection-string": "^2.14.0", "pg-pool": "^3.14.0", "pg-protocol": "^1.16.0", "pg-types": "2.2.0", "pgpass": "1.0.5" }, "optionalDependencies": { "pg-cloudflare": "^1.4.0" }, "peerDependencies": { "pg-native": ">=3.0.1" }, "optionalPeers": ["pg-native"] }, "sha512-Ip2EQCngowJLGOfCwkFhPXU7/ljlhn6Rxlmy4XYfL2Y+vyRM59+8uR2xqRWKdYmbXmxCFOAmKxBuSUCdF34qLg=="],

    "pg-cloudflare": ["pg-cloudflare@1.4.0", "", {}, "sha512-Vo7z/6rrQYxpNRylp4Tlob2elzbh+N/MOQbxFVWCxS7oEx6jF53GTJFxK2WWpKuBRkmiin4Mt+xofFDjx09R0A=="],

    "pg-connection-string": ["pg-connection-string@2.14.0", "", {}, "sha512-XwWDGcLRGCXAR8F/AM5bG7Q+A3Wm2s6QeEjlOKZLlH3UYcguiqCWKyWXVag5TLTIjR7oOJUY8kcADaZgWPyLeg=="],

    "pg-int8": ["pg-int8@1.0.1", "", {}, "sha512-WCtabS6t3c8SkpDBUlb1kjOs7l66xsGdKpIPZsg4wR+B3+u9UAum2odSsF9tnvxg80h4ZxLWMy4pRjOsFIqQpw=="],

    "pg-pool": ["pg-pool@3.14.0", "", { "peerDependencies": { "pg": ">=8.0" } }, "sha512-gKtPkFdQPU3DksooVLi9LsjZxrsBUZIpa+7aVx+LV5pNh0KzP4Zleud2po+ConrxbuXGBJ6Hfer6hdgpIBpBaw=="],

    "pg-protocol": ["pg-protocol@1.16.0", "", {}, "sha512-sILXutLVjCLjcDuOmvhX5e2Z4cS5qG/6Bu3VkpFwdf/633ElGLpEh9bgmuI5I4sqKqkifQiGyiCcx1HdtrK7tg=="],

    "pg-types": ["pg-types@2.2.0", "", { "dependencies": { "pg-int8": "1.0.1", "postgres-array": "~2.0.0", "postgres-bytea": "~1.0.0", "postgres-date": "~1.0.4", "postgres-interval": "^1.1.0" } }, "sha512-qTAAlrEsl8s4OiEQY69wDvcMIdQN6wdz5ojQiOy6YRMuynxenON0O5oCpJI6lshc6scgAY8qvJ2On/p+CXY0GA=="],

    "pgpass": ["pgpass@1.0.5", "", { "dependencies": { "split2": "^4.1.0" } }, "sha512-FdW9r/jQZhSeohs1Z3sI1yxFQNFvMcnmfuj4WBMUTxOrAyLMaTcE1aAMBiTlbMNaXvBCQuVi0R7hd8udDSP7ug=="],

    "postgres": ["postgres@3.4.9", "", {}, "sha512-GD3qdB0x1z9xgFI6cdRD6xu2Sp2WCOEoe3mtnyB5Ee0XrrL5Pe+e4CCnJrRMnL1zYtRDZmQQVbvOttLnKDLnaw=="],

    "postgres-array": ["postgres-array@2.0.0", "", {}, "sha512-VpZrUqU5A69eQyW2c5CA1jtLecCsN2U/bD6VilrFDWq5+5UIEVO7nazS3TEcHf1zuPYO/sqGvUvW62g86RXZuA=="],

    "postgres-bytea": ["postgres-bytea@1.0.1", "", {}, "sha512-5+5HqXnsZPE65IJZSMkZtURARZelel2oXUEO8rH83VS/hxH5vv1uHquPg5wZs8yMAfdv971IU+kcPUczi7NVBQ=="],

    "postgres-date": ["postgres-date@1.0.7", "", {}, "sha512-suDmjLVQg78nMK2UZ454hAG+OAW+HQPZ6n++TNDUX+L0+uUlLywnoxJKDou51Zm+zTCjrCl0Nq6J9C5hP9vK/Q=="],

    "postgres-interval": ["postgres-interval@1.2.0", "", { "dependencies": { "xtend": "^4.0.0" } }, "sha512-9ZhXKM/rw350N1ovuWHbGxnGh/SNJ4cnxHiM0rxE4VN41wsg8P8zWn9hv/buK00RP4WvlOyr/RBDiptyxVbkZQ=="],

    "rimraf": ["rimraf@6.1.3", "", { "dependencies": { "glob": "^13.0.3", "package-json-from-dist": "^1.0.1" }, "bin": { "rimraf": "dist/esm/bin.mjs" } }, "sha512-LKg+Cr2ZF61fkcaK1UdkH2yEBBKnYjTyWzTJT6KNPcSPaiT7HSdhtMXQuN5wkTX0Xu72KQ1l8S42rlmexS2hSA=="],

    "shulk": ["shulk@0.15.0", "", {}, "sha512-0Ysyo8i8cMpKPdNVsBDW+tRCgIbzrQE5cJ+GZ5hEL7rk+uqMXWKKga0oH9P04o3SnwzX1vbV1atFG52GMK/kkw=="],

    "split2": ["split2@4.2.0", "", {}, "sha512-UcjcJOWknrNkF6PLX83qcHM6KHgVKNkV62Y8a5uYDVv9ydGQVwAHMKqHdJje1VTWpljG0WYpCDhrCdAOYH4TWg=="],

    "supports-color": ["supports-color@7.2.0", "", { "dependencies": { "has-flag": "^4.0.0" } }, "sha512-qpCAvRl9stuOHveKsn7HncJRvv501qIacKzQlO/+Lwxc9+0q2wLyv4Dfvt80/DPn2pqOBsJdDiogXGR9+OvwRw=="],

    "turbo": ["turbo@2.10.8", "", { "optionalDependencies": { "@turbo/darwin-64": "2.10.8", "@turbo/darwin-arm64": "2.10.8", "@turbo/linux-64": "2.10.8", "@turbo/linux-arm64": "2.10.8", "@turbo/windows-64": "2.10.8", "@turbo/windows-arm64": "2.10.8" }, "bin": { "turbo": "bin/turbo" } }, "sha512-9+8YX5QOkGXzZxcIykTHgaooRHGMWO+jfdyRK0o+rN0U7hBIig2MrJ8r/aNzIPDPhdA73SGb0O+tIztaModTMg=="],

    "typescript": ["typescript@5.9.3", "", { "bin": { "tsc": "bin/tsc", "tsserver": "bin/tsserver" } }, "sha512-jl1vZzPDinLr9eUt3J/t7V6FgNEw9QjvBPdysz9KfQDD41fQrC2Y4vKQdiaUpFT4bXlb1RHhLpp8wtm6M5TgSw=="],

    "undici-types": ["undici-types@6.21.0", "", {}, "sha512-iwDZqg0QAGrg9Rav5H4n0M64c3mkR59cJ6wQp+7C4nI0gsmExaedaYLNO44eT4AtBBwjbTiGPMlt2Md0T9H9JQ=="],

    "which": ["which@5.0.0", "", { "dependencies": { "isexe": "^3.1.1" }, "bin": { "node-which": "bin/which.js" } }, "sha512-JEdGzHwwkrbWoGOlIHqQ5gtprKGOenpDHpxE9zVR1bWbOtYRyPPHMe9FaP6x61CmNaTThSkb0DAJte5jD+DmzQ=="],

    "xtend": ["xtend@4.0.2", "", {}, "sha512-LKYU1iAXJXUgAXn9URjiu+MWhyUXHsvfp7mcuYm9dSUKK0/CjtrUwFAxD82/mCWbtLsGjFIad0wIsod4zrTAEQ=="],

    "yocto-queue": ["yocto-queue@0.1.0", "", {}, "sha512-rVksvsnNCdJ/ohGc6xgPwyN8eheCxsiLM8mxuE/t/mOVqJewPuO1miLpTHQiRgTKCLexL4MeAFVagts7HmNZ2Q=="],
  }
}
